<?xml version="1.0" encoding="utf-8"?>
<Project ToolsVersion="4.0" xmlns="http://schemas.microsoft.com/developer/msbuild/2003">
  <ItemGroup>
    <Filter Include="Source Files">
      <UniqueIdentifier>{4FC737F1-C7A5-4376-A066-2A32D752A2FF}</UniqueIdentifier>
      <Extensions>cpp;cxx;c;def</Extensions>
    </Filter>
    <Filter Include="Header Files">
      <UniqueIdentifier>{93995380-89BD-4b04-88EB-625FBE52EBFB}</UniqueIdentifier>
      <Extensions>h</Extensions>
    </Filter>
    <Filter Include="Form Files">
      <UniqueIdentifier>{99349809-55BA-4b9d-BF79-8FDBB0286EB3}</UniqueIdentifier>
      <Extensions>ui</Extensions>
    </Filter>
    <Filter Include="Resource Files">
      <UniqueIdentifier>{D9D6E242-F8AF-46E4-B9FD-80ECBC20BA3E}</UniqueIdentifier>
      <Extensions>qrc;*</Extensions>
      <ParseFiles>false</ParseFiles>
    </Filter>
    <Filter Include="Generated Files">
      <UniqueIdentifier>{71ED8ED8-ACB9-4CE9-BBE1-E00B30144E11}</UniqueIdentifier>
      <Extensions>moc;h;cpp</Extensions>
      <SourceControlFiles>False</SourceControlFiles>
    </Filter>
    <Filter Include="Generated Files\Debug">
      <UniqueIdentifier>{f566351a-6a91-4059-9b18-52c03c01104e}</UniqueIdentifier>
      <Extensions>cpp;moc</Extensions>
      <SourceControlFiles>False</SourceControlFiles>
    </Filter>
    <Filter Include="Generated Files\Release">
      <UniqueIdentifier>{0671b1a9-68a4-44bd-b037-f2019e3a3dc3}</UniqueIdentifier>
      <Extensions>cpp;moc</Extensions>
      <SourceControlFiles>False</SourceControlFiles>
    </Filter>
  </ItemGroup>
  <ItemGroup>
    <ClCompile Include="main.cpp">
      <Filter>Source Files</Filter>
    </ClCompile>
    <ClCompile Include="mainwindow.cpp">
      <Filter>Source Files</Filter>
    </ClCompile>
    <ClCompile Include="GeneratedFiles\Debug\moc_mainwindow.cpp">
      <Filter>Generated Files\Debug</Filter>
    </ClCompile>
    <ClCompile Include="GeneratedFiles\Release\moc_mainwindow.cpp">
      <Filter>Generated Files\Release</Filter>
    </ClCompile>
    <ClCompile Include="GeneratedFiles\qrc_mainwindow.cpp">
      <Filter>Generated Files</Filter>
    </ClCompile>
    <ClCompile Include="GeneratedFiles\Debug\moc_paintwidget.cpp">
      <Filter>Generated Files\Debug</Filter>
    </ClCompile>
    <ClCompile Include="GeneratedFiles\Release\moc_paintwidget.cpp">
      <Filter>Generated Files\Release</Filter>
    </ClCompile>
    <ClCompile Include="paintwidget.cpp">
      <Filter>Source Files</Filter>
    </ClCompile>
    <ClCompile Include="get_weights.cpp">
      <Filter>Source Files</Filter>
    </ClCompile>
    <ClCompile Include="lowpoly.cpp">
      <Filter>Source Files</Filter>
    </ClCompile>
    <ClCompile Include="delaunay.cpp">
      <Filter>Source Files</Filter>
    </ClCompile>
    <ClCompile Include="EdgeDrawing.cpp">
      <Filter>Source Files</Filter>
    </ClCompile>
    <ClCompile Include="EDLineDetector.cpp">
      <Filter>Source Files</Filter>
    </ClCompile>
    <ClCompile Include="GeneratedFiles\Debug\moc_lowpoly_thread.cpp">
      <Filter>Generated Files\Debug</Filter>
    </ClCompile>
    <ClCompile Include="GeneratedFiles\Release\moc_lowpoly_thread.cpp">
      <Filter>Generated Files\Release</Filter>
    </ClCompile>
    <ClCompile Include="lowpoly_thread.cpp">
      <Filter>Source Files</Filter>
    </ClCompile>
    <ClCompile Include="SLIC.cpp">
      <Filter>Source Files</Filter>
    </ClCompile>
    <ClCompile Include="SLIC_corner.cpp">
      <Filter>Source Files</Filter>
    </ClCompile>
    <ClCompile Include="stdafx.cpp">
      <Filter>Source Files</Filter>
    </ClCompile>
    <ClCompile Include="simplifyPath.cpp">
      <Filter>Source Files</Filter>
    </ClCompile>
    <ClCompile Include="linearSolver.cpp">
      <Filter>Source Files</Filter>
    </ClCompile>
    <ClCompile Include="hb.cpp">
      <Filter>Source Files</Filter>
    </ClCompile>
    <ClCompile Include="blend.cpp">
      <Filter>Source Files</Filter>
    </ClCompile>
    <ClCompile Include="SparseMatrix.cpp">
      <Filter>Source Files</Filter>
    </ClCompile>
  </ItemGroup>
  <ItemGroup>
    <CustomBuild Include="mainwindow.h">
      <Filter>Header Files</Filter>
    </CustomBuild>
    <CustomBuild Include="mainwindow.ui">
      <Filter>Form Files</Filter>
    </CustomBuild>
    <CustomBuild Include="mainwindow.qrc">
      <Filter>Resource Files</Filter>
    </CustomBuild>
    <CustomBuild Include="paintwidget.h">
      <Filter>Header Files</Filter>
    </CustomBuild>
    <CustomBuild Include="lowpoly_thread.h">
      <Filter>Header Files</Filter>
    </CustomBuild>
  </ItemGroup>
  <ItemGroup>
    <ClInclude Include="GeneratedFiles\ui_mainwindow.h">
      <Filter>Generated Files</Filter>
    </ClInclude>
    <ClInclude Include="qx_basic.h">
      <Filter>Header Files</Filter>
    </ClInclude>
    <ClInclude Include="get_weights.h">
      <Filter>Header Files</Filter>
    </ClInclude>
    <ClInclude Include="lowpoly.h">
      <Filter>Header Files</Filter>
    </ClInclude>
    <ClInclude Include="delaunay.h">
      <Filter>Header Files</Filter>
    </ClInclude>
    <ClInclude Include="EdgeDrawing.h">
      <Filter>Header Files</Filter>
    </ClInclude>
    <ClInclude Include="EdgeMap.h">
      <Filter>Header Files</Filter>
    </ClInclude>
    <ClInclude Include="EDLineDetector.h">
      <Filter>Header Files</Filter>
    </ClInclude>
    <ClInclude Include="SLIC.h">
      <Filter>Header Files</Filter>
    </ClInclude>
    <ClInclude Include="SLIC_corner.h">
      <Filter>Header Files</Filter>
    </ClInclude>
    <ClInclude Include="stdafx.h">
      <Filter>Header Files</Filter>
    </ClInclude>
    <ClInclude Include="targetver.h">
      <Filter>Header Files</Filter>
    </ClInclude>
    <ClInclude Include="Timer.h">
      <Filter>Header Files</Filter>
    </ClInclude>
    <ClInclude Include="simplifyPath.h">
      <Filter>Header Files</Filter>
    </ClInclude>
    <ClInclude Include="linearSolver.h">
      <Filter>Header Files</Filter>
    </ClInclude>
    <ClInclude Include="hb.h">
      <Filter>Header Files</Filter>
    </ClInclude>
    <ClInclude Include="blend.h">
      <Filter>Header Files</Filter>
    </ClInclude>
    <ClInclude Include="SparseMatrix.h">
      <Filter>Header Files</Filter>
    </ClInclude>
  </ItemGroup>
</Project>